
Microsoft Visual Studio Solution File, Format Version 12.00
# Visual Studio Version 17
VisualStudioVersion = 17.3.32819.101
MinimumVisualStudioVersion = 10.0.40219.1
Project("{FAE04EC0-301F-11D3-BF4B-00C04F79EFBC}") = "Miones_PerceptronAlgo", "Miones_PerceptronAlgo\Miones_PerceptronAlgo.csproj", "{FDBADE64-3925-44F5-8249-46055976E9BF}"
EndProject
Global
	GlobalSection(SolutionConfigurationPlatforms) = preSolution
		Debug|Any CPU = Debug|Any CPU
		Release|Any CPU = Release|Any CPU
	EndGlobalSection
	GlobalSection(ProjectConfigurationPlatforms) = postSolution
		{FDBADE64-3925-44F5-8249-46055976E9BF}.Debug|Any CPU.ActiveCfg = Debug|Any CPU
		{FDBADE64-3925-44F5-8249-46055976E9BF}.Debug|Any CPU.Build.0 = Debug|Any CPU
		{FDBADE64-3925-44F5-8249-46055976E9BF}.Release|Any CPU.ActiveCfg = Release|Any CPU
		{FDBADE64-3925-44F5-8249-46055976E9BF}.Release|Any CPU.Build.0 = Release|Any CPU
	EndGlobalSection
	GlobalSection(SolutionProperties) = preSolution
		HideSolutionNode = FALSE
	EndGlobalSection
	GlobalSection(ExtensibilityGlobals) = postSolution
		SolutionGuid = {2595E46E-5912-46B4-88BA-4B34CC8AF6D1}
	EndGlobalSection
EndGlobal
